
Microsoft Visual Studio Solution File, Format Version 10.00
# Visual Studio 2008
Project("{FAE04EC0-301F-11D3-BF4B-00C04F79EFBC}") = "ModelCSharp", "ModelCSharp\ModelCSharp.csproj", "{E54265B2-FCAB-43FD-9180-8EFE7525564F}"
EndProject
Project("{F2A71F9B-5D33-465A-A702-920D77279786}") = "ModelFSharp", "ModelFSharp\ModelFSharp.fsproj", "{ED9AA669-7871-4EA6-9F11-FE2F2F0CEE09}"
	ProjectSection(ProjectDependencies) = postProject
		{72AACD2F-64C2-4761-B320-C1417C59438F} = {72AACD2F-64C2-4761-B320-C1417C59438F}
	EndProjectSection
EndProject
Project("{F2A71F9B-5D33-465A-A702-920D77279786}") = "Core", "Core\Core.fsproj", "{8F7CCDCB-3DE6-4A3B-9C17-9FC8E562D410}"
	ProjectSection(ProjectDependencies) = postProject
		{72AACD2F-64C2-4761-B320-C1417C59438F} = {72AACD2F-64C2-4761-B320-C1417C59438F}
	EndProjectSection
EndProject
Project("{F2A71F9B-5D33-465A-A702-920D77279786}") = "CaffettieraFSharp", "..\..\Caffettiera\FSharp\CaffettieraFSharp.fsproj", "{72AACD2F-64C2-4761-B320-C1417C59438F}"
EndProject
Project("{FAE04EC0-301F-11D3-BF4B-00C04F79EFBC}") = "CaffettieraCSharp", "..\..\Caffettiera\CSharp\CaffettieraCSharp.csproj", "{147A7400-C573-40FA-8072-AD03F62F89AA}"
EndProject
Global
	GlobalSection(SolutionConfigurationPlatforms) = preSolution
		Debug|Any CPU = Debug|Any CPU
		Debug|Mixed Platforms = Debug|Mixed Platforms
		Release|Any CPU = Release|Any CPU
		Release|Mixed Platforms = Release|Mixed Platforms
	EndGlobalSection
	GlobalSection(ProjectConfigurationPlatforms) = postSolution
		{E54265B2-FCAB-43FD-9180-8EFE7525564F}.Debug|Any CPU.ActiveCfg = Debug|Any CPU
		{E54265B2-FCAB-43FD-9180-8EFE7525564F}.Debug|Any CPU.Build.0 = Debug|Any CPU
		{E54265B2-FCAB-43FD-9180-8EFE7525564F}.Debug|Mixed Platforms.ActiveCfg = Debug|Any CPU
		{E54265B2-FCAB-43FD-9180-8EFE7525564F}.Debug|Mixed Platforms.Build.0 = Debug|Any CPU
		{E54265B2-FCAB-43FD-9180-8EFE7525564F}.Release|Any CPU.ActiveCfg = Release|Any CPU
		{E54265B2-FCAB-43FD-9180-8EFE7525564F}.Release|Any CPU.Build.0 = Release|Any CPU
		{E54265B2-FCAB-43FD-9180-8EFE7525564F}.Release|Mixed Platforms.ActiveCfg = Release|Any CPU
		{E54265B2-FCAB-43FD-9180-8EFE7525564F}.Release|Mixed Platforms.Build.0 = Release|Any CPU
		{ED9AA669-7871-4EA6-9F11-FE2F2F0CEE09}.Debug|Any CPU.ActiveCfg = Debug|Any CPU
		{ED9AA669-7871-4EA6-9F11-FE2F2F0CEE09}.Debug|Any CPU.Build.0 = Debug|Any CPU
		{ED9AA669-7871-4EA6-9F11-FE2F2F0CEE09}.Debug|Mixed Platforms.ActiveCfg = Debug|Any CPU
		{ED9AA669-7871-4EA6-9F11-FE2F2F0CEE09}.Debug|Mixed Platforms.Build.0 = Debug|Any CPU
		{ED9AA669-7871-4EA6-9F11-FE2F2F0CEE09}.Release|Any CPU.ActiveCfg = Release|Any CPU
		{ED9AA669-7871-4EA6-9F11-FE2F2F0CEE09}.Release|Any CPU.Build.0 = Release|Any CPU
		{ED9AA669-7871-4EA6-9F11-FE2F2F0CEE09}.Release|Mixed Platforms.ActiveCfg = Release|Any CPU
		{ED9AA669-7871-4EA6-9F11-FE2F2F0CEE09}.Release|Mixed Platforms.Build.0 = Release|Any CPU
		{8F7CCDCB-3DE6-4A3B-9C17-9FC8E562D410}.Debug|Any CPU.ActiveCfg = Debug|Any CPU
		{8F7CCDCB-3DE6-4A3B-9C17-9FC8E562D410}.Debug|Any CPU.Build.0 = Debug|Any CPU
		{8F7CCDCB-3DE6-4A3B-9C17-9FC8E562D410}.Debug|Mixed Platforms.ActiveCfg = Debug|Any CPU
		{8F7CCDCB-3DE6-4A3B-9C17-9FC8E562D410}.Debug|Mixed Platforms.Build.0 = Debug|Any CPU
		{8F7CCDCB-3DE6-4A3B-9C17-9FC8E562D410}.Release|Any CPU.ActiveCfg = Release|Any CPU
		{8F7CCDCB-3DE6-4A3B-9C17-9FC8E562D410}.Release|Any CPU.Build.0 = Release|Any CPU
		{8F7CCDCB-3DE6-4A3B-9C17-9FC8E562D410}.Release|Mixed Platforms.ActiveCfg = Release|Any CPU
		{8F7CCDCB-3DE6-4A3B-9C17-9FC8E562D410}.Release|Mixed Platforms.Build.0 = Release|Any CPU
		{72AACD2F-64C2-4761-B320-C1417C59438F}.Debug|Any CPU.ActiveCfg = Debug|Any CPU
		{72AACD2F-64C2-4761-B320-C1417C59438F}.Debug|Any CPU.Build.0 = Debug|Any CPU
		{72AACD2F-64C2-4761-B320-C1417C59438F}.Debug|Mixed Platforms.ActiveCfg = Debug|Any CPU
		{72AACD2F-64C2-4761-B320-C1417C59438F}.Debug|Mixed Platforms.Build.0 = Debug|Any CPU
		{72AACD2F-64C2-4761-B320-C1417C59438F}.Release|Any CPU.ActiveCfg = Release|Any CPU
		{72AACD2F-64C2-4761-B320-C1417C59438F}.Release|Any CPU.Build.0 = Release|Any CPU
		{72AACD2F-64C2-4761-B320-C1417C59438F}.Release|Mixed Platforms.ActiveCfg = Release|Any CPU
		{72AACD2F-64C2-4761-B320-C1417C59438F}.Release|Mixed Platforms.Build.0 = Release|Any CPU
		{147A7400-C573-40FA-8072-AD03F62F89AA}.Debug|Any CPU.ActiveCfg = Debug|Any CPU
		{147A7400-C573-40FA-8072-AD03F62F89AA}.Debug|Any CPU.Build.0 = Debug|Any CPU
		{147A7400-C573-40FA-8072-AD03F62F89AA}.Debug|Mixed Platforms.ActiveCfg = Debug|Any CPU
		{147A7400-C573-40FA-8072-AD03F62F89AA}.Debug|Mixed Platforms.Build.0 = Debug|Any CPU
		{147A7400-C573-40FA-8072-AD03F62F89AA}.Release|Any CPU.ActiveCfg = Release|Any CPU
		{147A7400-C573-40FA-8072-AD03F62F89AA}.Release|Any CPU.Build.0 = Release|Any CPU
		{147A7400-C573-40FA-8072-AD03F62F89AA}.Release|Mixed Platforms.ActiveCfg = Release|Any CPU
		{147A7400-C573-40FA-8072-AD03F62F89AA}.Release|Mixed Platforms.Build.0 = Release|Any CPU
	EndGlobalSection
	GlobalSection(SolutionProperties) = preSolution
		HideSolutionNode = FALSE
	EndGlobalSection
EndGlobal
